
Microsoft Visual Studio Solution File, Format Version 12.00
# Visual Studio Version 17
VisualStudioVersion = 17.3.32929.385
MinimumVisualStudioVersion = 10.0.40219.1
Project("{9A19103F-16F7-4668-BE54-9A1E7A4F7556}") = "MriBase.Models", "MriBase.Models\MriBase.Models.csproj", "{419C0449-997C-4A6E-826E-B65E87842D87}"
EndProject
Project("{2150E333-8FDC-42A3-9474-1A3956D46DE8}") = "Solution Items", "Solution Items", "{A2C73AA5-87D1-4361-A1CB-7B727DFD86F5}"
	ProjectSection(SolutionItems) = preProject
		.editorconfig = .editorconfig
	EndProjectSection
EndProject
Project("{9A19103F-16F7-4668-BE54-9A1E7A4F7556}") = "MriBase.App.Base", "MriBase.App.Base\MriBase.App.Base.csproj", "{C5CC990C-F734-4BDF-916A-A3E345F84608}"
EndProject
Project("{FAE04EC0-301F-11D3-BF4B-00C04F79EFBC}") = "MriBase.App.Dog.Android", "MriBase.App.Dog\MriBase.App.Dog.Android\MriBase.App.Dog.Android.csproj", "{FFCE1185-CFAB-4715-A131-779B147BB9F9}"
EndProject
Project("{9A19103F-16F7-4668-BE54-9A1E7A4F7556}") = "MriBase.App.Dog", "MriBase.App.Dog\MriBase.App.Dog\MriBase.App.Dog.csproj", "{27870119-7165-4DA9-A308-BA7DCB64B6DD}"
EndProject
Global
	GlobalSection(SolutionConfigurationPlatforms) = preSolution
		Debug|Any CPU = Debug|Any CPU
		Debug|ARM = Debug|ARM
		Debug|iPhone = Debug|iPhone
		Debug|iPhoneSimulator = Debug|iPhoneSimulator
		Debug|x64 = Debug|x64
		Debug|x86 = Debug|x86
		Release|Any CPU = Release|Any CPU
		Release|ARM = Release|ARM
		Release|iPhone = Release|iPhone
		Release|iPhoneSimulator = Release|iPhoneSimulator
		Release|x64 = Release|x64
		Release|x86 = Release|x86
	EndGlobalSection
	GlobalSection(ProjectConfigurationPlatforms) = postSolution
		{419C0449-997C-4A6E-826E-B65E87842D87}.Debug|Any CPU.ActiveCfg = Debug|Any CPU
		{419C0449-997C-4A6E-826E-B65E87842D87}.Debug|Any CPU.Build.0 = Debug|Any CPU
		{419C0449-997C-4A6E-826E-B65E87842D87}.Debug|ARM.ActiveCfg = Debug|Any CPU
		{419C0449-997C-4A6E-826E-B65E87842D87}.Debug|ARM.Build.0 = Debug|Any CPU
		{419C0449-997C-4A6E-826E-B65E87842D87}.Debug|iPhone.ActiveCfg = Debug|Any CPU
		{419C0449-997C-4A6E-826E-B65E87842D87}.Debug|iPhone.Build.0 = Debug|Any CPU
		{419C0449-997C-4A6E-826E-B65E87842D87}.Debug|iPhoneSimulator.ActiveCfg = Debug|Any CPU
		{419C0449-997C-4A6E-826E-B65E87842D87}.Debug|iPhoneSimulator.Build.0 = Debug|Any CPU
		{419C0449-997C-4A6E-826E-B65E87842D87}.Debug|x64.ActiveCfg = Debug|Any CPU
		{419C0449-997C-4A6E-826E-B65E87842D87}.Debug|x64.Build.0 = Debug|Any CPU
		{419C0449-997C-4A6E-826E-B65E87842D87}.Debug|x86.ActiveCfg = Debug|Any CPU
		{419C0449-997C-4A6E-826E-B65E87842D87}.Debug|x86.Build.0 = Debug|Any CPU
		{419C0449-997C-4A6E-826E-B65E87842D87}.Release|Any CPU.ActiveCfg = Release|Any CPU
		{419C0449-997C-4A6E-826E-B65E87842D87}.Release|Any CPU.Build.0 = Release|Any CPU
		{419C0449-997C-4A6E-826E-B65E87842D87}.Release|ARM.ActiveCfg = Release|Any CPU
		{419C0449-997C-4A6E-826E-B65E87842D87}.Release|ARM.Build.0 = Release|Any CPU
		{419C0449-997C-4A6E-826E-B65E87842D87}.Release|iPhone.ActiveCfg = Release|Any CPU
		{419C0449-997C-4A6E-826E-B65E87842D87}.Release|iPhone.Build.0 = Release|Any CPU
		{419C0449-997C-4A6E-826E-B65E87842D87}.Release|iPhoneSimulator.ActiveCfg = Release|Any CPU
		{419C0449-997C-4A6E-826E-B65E87842D87}.Release|iPhoneSimulator.Build.0 = Release|Any CPU
		{419C0449-997C-4A6E-826E-B65E87842D87}.Release|x64.ActiveCfg = Release|Any CPU
		{419C0449-997C-4A6E-826E-B65E87842D87}.Release|x64.Build.0 = Release|Any CPU
		{419C0449-997C-4A6E-826E-B65E87842D87}.Release|x86.ActiveCfg = Release|Any CPU
		{419C0449-997C-4A6E-826E-B65E87842D87}.Release|x86.Build.0 = Release|Any CPU
		{C5CC990C-F734-4BDF-916A-A3E345F84608}.Debug|Any CPU.ActiveCfg = Debug|Any CPU
		{C5CC990C-F734-4BDF-916A-A3E345F84608}.Debug|Any CPU.Build.0 = Debug|Any CPU
		{C5CC990C-F734-4BDF-916A-A3E345F84608}.Debug|ARM.ActiveCfg = Debug|Any CPU
		{C5CC990C-F734-4BDF-916A-A3E345F84608}.Debug|ARM.Build.0 = Debug|Any CPU
		{C5CC990C-F734-4BDF-916A-A3E345F84608}.Debug|iPhone.ActiveCfg = Debug|Any CPU
		{C5CC990C-F734-4BDF-916A-A3E345F84608}.Debug|iPhone.Build.0 = Debug|Any CPU
		{C5CC990C-F734-4BDF-916A-A3E345F84608}.Debug|iPhoneSimulator.ActiveCfg = Debug|Any CPU
		{C5CC990C-F734-4BDF-916A-A3E345F84608}.Debug|iPhoneSimulator.Build.0 = Debug|Any CPU
		{C5CC990C-F734-4BDF-916A-A3E345F84608}.Debug|x64.ActiveCfg = Debug|Any CPU
		{C5CC990C-F734-4BDF-916A-A3E345F84608}.Debug|x64.Build.0 = Debug|Any CPU
		{C5CC990C-F734-4BDF-916A-A3E345F84608}.Debug|x86.ActiveCfg = Debug|Any CPU
		{C5CC990C-F734-4BDF-916A-A3E345F84608}.Debug|x86.Build.0 = Debug|Any CPU
		{C5CC990C-F734-4BDF-916A-A3E345F84608}.Release|Any CPU.ActiveCfg = Release|Any CPU
		{C5CC990C-F734-4BDF-916A-A3E345F84608}.Release|Any CPU.Build.0 = Release|Any CPU
		{C5CC990C-F734-4BDF-916A-A3E345F84608}.Release|ARM.ActiveCfg = Release|Any CPU
		{C5CC990C-F734-4BDF-916A-A3E345F84608}.Release|ARM.Build.0 = Release|Any CPU
		{C5CC990C-F734-4BDF-916A-A3E345F84608}.Release|iPhone.ActiveCfg = Release|Any CPU
		{C5CC990C-F734-4BDF-916A-A3E345F84608}.Release|iPhone.Build.0 = Release|Any CPU
		{C5CC990C-F734-4BDF-916A-A3E345F84608}.Release|iPhoneSimulator.ActiveCfg = Release|Any CPU
		{C5CC990C-F734-4BDF-916A-A3E345F84608}.Release|iPhoneSimulator.Build.0 = Release|Any CPU
		{C5CC990C-F734-4BDF-916A-A3E345F84608}.Release|x64.ActiveCfg = Release|Any CPU
		{C5CC990C-F734-4BDF-916A-A3E345F84608}.Release|x64.Build.0 = Release|Any CPU
		{C5CC990C-F734-4BDF-916A-A3E345F84608}.Release|x86.ActiveCfg = Release|Any CPU
		{C5CC990C-F734-4BDF-916A-A3E345F84608}.Release|x86.Build.0 = Release|Any CPU
		{FFCE1185-CFAB-4715-A131-779B147BB9F9}.Debug|Any CPU.ActiveCfg = Debug|Any CPU
		{FFCE1185-CFAB-4715-A131-779B147BB9F9}.Debug|Any CPU.Build.0 = Debug|Any CPU
		{FFCE1185-CFAB-4715-A131-779B147BB9F9}.Debug|Any CPU.Deploy.0 = Debug|Any CPU
		{FFCE1185-CFAB-4715-A131-779B147BB9F9}.Debug|ARM.ActiveCfg = Debug|Any CPU
		{FFCE1185-CFAB-4715-A131-779B147BB9F9}.Debug|ARM.Build.0 = Debug|Any CPU
		{FFCE1185-CFAB-4715-A131-779B147BB9F9}.Debug|ARM.Deploy.0 = Debug|Any CPU
		{FFCE1185-CFAB-4715-A131-779B147BB9F9}.Debug|iPhone.ActiveCfg = Debug|Any CPU
		{FFCE1185-CFAB-4715-A131-779B147BB9F9}.Debug|iPhone.Build.0 = Debug|Any CPU
		{FFCE1185-CFAB-4715-A131-779B147BB9F9}.Debug|iPhone.Deploy.0 = Debug|Any CPU
		{FFCE1185-CFAB-4715-A131-779B147BB9F9}.Debug|iPhoneSimulator.ActiveCfg = Debug|Any CPU
		{FFCE1185-CFAB-4715-A131-779B147BB9F9}.Debug|iPhoneSimulator.Build.0 = Debug|Any CPU
		{FFCE1185-CFAB-4715-A131-779B147BB9F9}.Debug|iPhoneSimulator.Deploy.0 = Debug|Any CPU
		{FFCE1185-CFAB-4715-A131-779B147BB9F9}.Debug|x64.ActiveCfg = Debug|Any CPU
		{FFCE1185-CFAB-4715-A131-779B147BB9F9}.Debug|x64.Build.0 = Debug|Any CPU
		{FFCE1185-CFAB-4715-A131-779B147BB9F9}.Debug|x64.Deploy.0 = Debug|Any CPU
		{FFCE1185-CFAB-4715-A131-779B147BB9F9}.Debug|x86.ActiveCfg = Debug|Any CPU
		{FFCE1185-CFAB-4715-A131-779B147BB9F9}.Debug|x86.Build.0 = Debug|Any CPU
		{FFCE1185-CFAB-4715-A131-779B147BB9F9}.Debug|x86.Deploy.0 = Debug|Any CPU
		{FFCE1185-CFAB-4715-A131-779B147BB9F9}.Release|Any CPU.ActiveCfg = Release|Any CPU
		{FFCE1185-CFAB-4715-A131-779B147BB9F9}.Release|Any CPU.Build.0 = Release|Any CPU
		{FFCE1185-CFAB-4715-A131-779B147BB9F9}.Release|Any CPU.Deploy.0 = Release|Any CPU
		{FFCE1185-CFAB-4715-A131-779B147BB9F9}.Release|ARM.ActiveCfg = Release|Any CPU
		{FFCE1185-CFAB-4715-A131-779B147BB9F9}.Release|ARM.Build.0 = Release|Any CPU
		{FFCE1185-CFAB-4715-A131-779B147BB9F9}.Release|ARM.Deploy.0 = Release|Any CPU
		{FFCE1185-CFAB-4715-A131-779B147BB9F9}.Release|iPhone.ActiveCfg = Release|Any CPU
		{FFCE1185-CFAB-4715-A131-779B147BB9F9}.Release|iPhone.Build.0 = Release|Any CPU
		{FFCE1185-CFAB-4715-A131-779B147BB9F9}.Release|iPhone.Deploy.0 = Release|Any CPU
		{FFCE1185-CFAB-4715-A131-779B147BB9F9}.Release|iPhoneSimulator.ActiveCfg = Release|Any CPU
		{FFCE1185-CFAB-4715-A131-779B147BB9F9}.Release|iPhoneSimulator.Build.0 = Release|Any CPU
		{FFCE1185-CFAB-4715-A131-779B147BB9F9}.Release|iPhoneSimulator.Deploy.0 = Release|Any CPU
		{FFCE1185-CFAB-4715-A131-779B147BB9F9}.Release|x64.ActiveCfg = Release|Any CPU
		{FFCE1185-CFAB-4715-A131-779B147BB9F9}.Release|x64.Build.0 = Release|Any CPU
		{FFCE1185-CFAB-4715-A131-779B147BB9F9}.Release|x64.Deploy.0 = Release|Any CPU
		{FFCE1185-CFAB-4715-A131-779B147BB9F9}.Release|x86.ActiveCfg = Release|Any CPU
		{FFCE1185-CFAB-4715-A131-779B147BB9F9}.Release|x86.Build.0 = Release|Any CPU
		{FFCE1185-CFAB-4715-A131-779B147BB9F9}.Release|x86.Deploy.0 = Release|Any CPU
		{27870119-7165-4DA9-A308-BA7DCB64B6DD}.Debug|Any CPU.ActiveCfg = Debug|Any CPU
		{27870119-7165-4DA9-A308-BA7DCB64B6DD}.Debug|Any CPU.Build.0 = Debug|Any CPU
		{27870119-7165-4DA9-A308-BA7DCB64B6DD}.Debug|ARM.ActiveCfg = Debug|Any CPU
		{27870119-7165-4DA9-A308-BA7DCB64B6DD}.Debug|ARM.Build.0 = Debug|Any CPU
		{27870119-7165-4DA9-A308-BA7DCB64B6DD}.Debug|iPhone.ActiveCfg = Debug|Any CPU
		{27870119-7165-4DA9-A308-BA7DCB64B6DD}.Debug|iPhone.Build.0 = Debug|Any CPU
		{27870119-7165-4DA9-A308-BA7DCB64B6DD}.Debug|iPhoneSimulator.ActiveCfg = Debug|Any CPU
		{27870119-7165-4DA9-A308-BA7DCB64B6DD}.Debug|iPhoneSimulator.Build.0 = Debug|Any CPU
		{27870119-7165-4DA9-A308-BA7DCB64B6DD}.Debug|x64.ActiveCfg = Debug|Any CPU
		{27870119-7165-4DA9-A308-BA7DCB64B6DD}.Debug|x64.Build.0 = Debug|Any CPU
		{27870119-7165-4DA9-A308-BA7DCB64B6DD}.Debug|x86.ActiveCfg = Debug|Any CPU
		{27870119-7165-4DA9-A308-BA7DCB64B6DD}.Debug|x86.Build.0 = Debug|Any CPU
		{27870119-7165-4DA9-A308-BA7DCB64B6DD}.Release|Any CPU.ActiveCfg = Release|Any CPU
		{27870119-7165-4DA9-A308-BA7DCB64B6DD}.Release|Any CPU.Build.0 = Release|Any CPU
		{27870119-7165-4DA9-A308-BA7DCB64B6DD}.Release|ARM.ActiveCfg = Release|Any CPU
		{27870119-7165-4DA9-A308-BA7DCB64B6DD}.Release|ARM.Build.0 = Release|Any CPU
		{27870119-7165-4DA9-A308-BA7DCB64B6DD}.Release|iPhone.ActiveCfg = Release|Any CPU
		{27870119-7165-4DA9-A308-BA7DCB64B6DD}.Release|iPhone.Build.0 = Release|Any CPU
		{27870119-7165-4DA9-A308-BA7DCB64B6DD}.Release|iPhoneSimulator.ActiveCfg = Release|Any CPU
		{27870119-7165-4DA9-A308-BA7DCB64B6DD}.Release|iPhoneSimulator.Build.0 = Release|Any CPU
		{27870119-7165-4DA9-A308-BA7DCB64B6DD}.Release|x64.ActiveCfg = Release|Any CPU
		{27870119-7165-4DA9-A308-BA7DCB64B6DD}.Release|x64.Build.0 = Release|Any CPU
		{27870119-7165-4DA9-A308-BA7DCB64B6DD}.Release|x86.ActiveCfg = Release|Any CPU
		{27870119-7165-4DA9-A308-BA7DCB64B6DD}.Release|x86.Build.0 = Release|Any CPU
	EndGlobalSection
	GlobalSection(SolutionProperties) = preSolution
		HideSolutionNode = FALSE
	EndGlobalSection
	GlobalSection(ExtensibilityGlobals) = postSolution
		SolutionGuid = {CEB5A2DC-9A37-48CB-AC84-D6FD19002EF1}
	EndGlobalSection
EndGlobal
